
Microsoft Visual Studio Solution File, Format Version 12.00
# Visual Studio Version 16
VisualStudioVersion = 16.0.30002.166
MinimumVisualStudioVersion = 10.0.40219.1
Project("{8BC9CEB8-8B4A-11D0-8D11-00A0C91BC942}") = "Sprite Size", "Sprite Size\Sprite Size.vcxproj", "{7DE10415-42B2-4438-864B-7FB414649610}"
EndProject
Global
	GlobalSection(SolutionConfigurationPlatforms) = preSolution
		Debug|x64 = Debug|x64
		Debug|x86 = Debug|x86
		Release|x64 = Release|x64
		Release|x86 = Release|x86
	EndGlobalSection
	GlobalSection(ProjectConfigurationPlatforms) = postSolution
		{7DE10415-42B2-4438-864B-7FB414649610}.Debug|x64.ActiveCfg = Debug|x64
		{7DE10415-42B2-4438-864B-7FB414649610}.Debug|x64.Build.0 = Debug|x64
		{7DE10415-42B2-4438-864B-7FB414649610}.Debug|x86.ActiveCfg = Debug|Win32
		{7DE10415-42B2-4438-864B-7FB414649610}.Debug|x86.Build.0 = Debug|Win32
		{7DE10415-42B2-4438-864B-7FB414649610}.Release|x64.ActiveCfg = Release|x64
		{7DE10415-42B2-4438-864B-7FB414649610}.Release|x64.Build.0 = Release|x64
		{7DE10415-42B2-4438-864B-7FB414649610}.Release|x86.ActiveCfg = Release|Win32
		{7DE10415-42B2-4438-864B-7FB414649610}.Release|x86.Build.0 = Release|Win32
	EndGlobalSection
	GlobalSection(SolutionProperties) = preSolution
		HideSolutionNode = FALSE
	EndGlobalSection
	GlobalSection(ExtensibilityGlobals) = postSolution
		SolutionGuid = {007DFB84-A476-4F1C-A34A-481D9CAE499F}
	EndGlobalSection
EndGlobal
